
Microsoft Visual Studio Solution File, Format Version 12.00
# Visual Studio Version 16
VisualStudioVersion = 16.0.33328.57
MinimumVisualStudioVersion = 10.0.40219.1
Project("{FAE04EC0-301F-11D3-BF4B-00C04F79EFBC}") = "Kursach2", "Kursach2\Kursach2.csproj", "{3E8C6EE3-36E6-466D-A43B-7353C7E88FDE}"
EndProject
Global
	GlobalSection(SolutionConfigurationPlatforms) = preSolution
		Debug|Any CPU = Debug|Any CPU
		Release|Any CPU = Release|Any CPU
	EndGlobalSection
	GlobalSection(ProjectConfigurationPlatforms) = postSolution
		{3E8C6EE3-36E6-466D-A43B-7353C7E88FDE}.Debug|Any CPU.ActiveCfg = Debug|Any CPU
		{3E8C6EE3-36E6-466D-A43B-7353C7E88FDE}.Debug|Any CPU.Build.0 = Debug|Any CPU
		{3E8C6EE3-36E6-466D-A43B-7353C7E88FDE}.Release|Any CPU.ActiveCfg = Release|Any CPU
		{3E8C6EE3-36E6-466D-A43B-7353C7E88FDE}.Release|Any CPU.Build.0 = Release|Any CPU
	EndGlobalSection
	GlobalSection(SolutionProperties) = preSolution
		HideSolutionNode = FALSE
	EndGlobalSection
	GlobalSection(ExtensibilityGlobals) = postSolution
		SolutionGuid = {44B3586D-F521-439D-840C-0E784F3DBB39}
	EndGlobalSection
EndGlobal
